// !$*UTF8*$!
{
	archiveVersion = 1;
	classes = {
	};
	objectVersion = 46;
	objects = {

/* Begin PBXBuildFile section */
		71565F8A1CBD996C0018C0EC /* point.cpp in Sources */ = {isa = PBXBuildFile; fileRef = 71565F881CBD996C0018C0EC /* point.cpp */; };
		71C3DFEA1CB7117800713D13 /* main.cpp in Sources */ = {isa = PBXBuildFile; fileRef = 71C3DFE91CB7117800713D13 /* main.cpp */; };
		71C3DFF31CB7139900713D13 /* libmpi_cxx.1.dylib in Frameworks */ = {isa = PBXBuildFile; fileRef = 71C3DFF21CB7139900713D13 /* libmpi_cxx.1.dylib */; };
		71C3DFF51CB713D200713D13 /* libmpi.12.dylib in Frameworks */ = {isa = PBXBuildFile; fileRef = 71C3DFF41CB713D200713D13 /* libmpi.12.dylib */; };
/* End PBXBuildFile section */

/* Begin PBXCopyFilesBuildPhase section */
		71C3DFE41CB7117800713D13 /* CopyFiles */ = {
			isa = PBXCopyFilesBuildPhase;
			buildActionMask = 2147483647;
			dstPath = /usr/share/man/man1/;
			dstSubfolderSpec = 0;
			files = (
			);
			runOnlyForDeploymentPostprocessing = 1;
		};
/* End PBXCopyFilesBuildPhase section */

/* Begin PBXFileReference section */
		71565F881CBD996C0018C0EC /* point.cpp */ = {isa = PBXFileReference; fileEncoding = 4; lastKnownFileType = sourcecode.cpp.cpp; path = point.cpp; sourceTree = "<group>"; };
		71565F891CBD996C0018C0EC /* point.hpp */ = {isa = PBXFileReference; fileEncoding = 4; lastKnownFileType = sourcecode.cpp.h; path = point.hpp; sourceTree = "<group>"; };
		71C3DFE61CB7117800713D13 /* InterpolationWithMPI */ = {isa = PBXFileReference; explicitFileType = "compiled.mach-o.executable"; includeInIndex = 0; path = InterpolationWithMPI; sourceTree = BUILT_PRODUCTS_DIR; };
		71C3DFE91CB7117800713D13 /* main.cpp */ = {isa = PBXFileReference; lastKnownFileType = sourcecode.cpp.cpp; path = main.cpp; sourceTree = "<group>"; };
		71C3DFF01CB7134D00713D13 /* openmpi */ = {isa = PBXFileReference; lastKnownFileType = folder; name = openmpi; path = ../../../../../usr/local/lib/openmpi; sourceTree = "<group>"; };
		71C3DFF21CB7139900713D13 /* libmpi_cxx.1.dylib */ = {isa = PBXFileReference; lastKnownFileType = "compiled.mach-o.dylib"; name = libmpi_cxx.1.dylib; path = ../../../../../usr/local/lib/libmpi_cxx.1.dylib; sourceTree = "<group>"; };
		71C3DFF41CB713D200713D13 /* libmpi.12.dylib */ = {isa = PBXFileReference; lastKnownFileType = "compiled.mach-o.dylib"; name = libmpi.12.dylib; path = ../../../../../usr/local/lib/libmpi.12.dylib; sourceTree = "<group>"; };
		71C3DFF61CB714D300713D13 /* test_dosyasi.txt */ = {isa = PBXFileReference; lastKnownFileType = text; name = test_dosyasi.txt; path = ../../../../Downloads/test_dosyasi.txt; sourceTree = "<group>"; };
/* End PBXFileReference section */

/* Begin PBXFrameworksBuildPhase section */
		71C3DFE31CB7117800713D13 /* Frameworks */ = {
			isa = PBXFrameworksBuildPhase;
			buildActionMask = 2147483647;
			files = (
				71C3DFF51CB713D200713D13 /* libmpi.12.dylib in Frameworks */,
				71C3DFF31CB7139900713D13 /* libmpi_cxx.1.dylib in Frameworks */,
			);
			runOnlyForDeploymentPostprocessing = 0;
		};
/* End PBXFrameworksBuildPhase section */

/* Begin PBXGroup section */
		71C3DFDD1CB7117800713D13 = {
			isa = PBXGroup;
			children = (
				71C3DFF41CB713D200713D13 /* libmpi.12.dylib */,
				71C3DFF21CB7139900713D13 /* libmpi_cxx.1.dylib */,
				71C3DFF01CB7134D00713D13 /* openmpi */,
				71C3DFE81CB7117800713D13 /* InterpolationWithMPI */,
				71C3DFE71CB7117800713D13 /* Products */,
			);
			sourceTree = "<group>";
		};
		71C3DFE71CB7117800713D13 /* Products */ = {
			isa = PBXGroup;
			children = (
				71C3DFE61CB7117800713D13 /* InterpolationWithMPI */,
			);
			name = Products;
			sourceTree = "<group>";
		};
		71C3DFE81CB7117800713D13 /* InterpolationWithMPI */ = {
			isa = PBXGroup;
			children = (
				71C3DFE91CB7117800713D13 /* main.cpp */,
				71C3DFF61CB714D300713D13 /* test_dosyasi.txt */,
				71565F881CBD996C0018C0EC /* point.cpp */,
				71565F891CBD996C0018C0EC /* point.hpp */,
			);
			path = InterpolationWithMPI;
			sourceTree = "<group>";
		};
/* End PBXGroup section */

/* Begin PBXNativeTarget section */
		71C3DFE51CB7117800713D13 /* InterpolationWithMPI */ = {
			isa = PBXNativeTarget;
			buildConfigurationList = 71C3DFED1CB7117800713D13 /* Build configuration list for PBXNativeTarget "InterpolationWithMPI" */;
			buildPhases = (
				71C3DFE21CB7117800713D13 /* Sources */,
				71C3DFE31CB7117800713D13 /* Frameworks */,
				71C3DFE41CB7117800713D13 /* CopyFiles */,
			);
			buildRules = (
			);
			dependencies = (
			);
			name = InterpolationWithMPI;
			productName = InterpolationWithMPI;
			productReference = 71C3DFE61CB7117800713D13 /* InterpolationWithMPI */;
			productType = "com.apple.product-type.tool";
		};
/* End PBXNativeTarget section */

/* Begin PBXProject section */
		71C3DFDE1CB7117800713D13 /* Project object */ = {
			isa = PBXProject;
			attributes = {
				LastUpgradeCheck = 0730;
				ORGANIZATIONNAME = "Mahmut Erkul";
				TargetAttributes = {
					71C3DFE51CB7117800713D13 = {
						CreatedOnToolsVersion = 7.3;
					};
				};
			};
			buildConfigurationList = 71C3DFE11CB7117800713D13 /* Build configuration list for PBXProject "InterpolationWithMPI" */;
			compatibilityVersion = "Xcode 3.2";
			developmentRegion = English;
			hasScannedForEncodings = 0;
			knownRegions = (
				en,
			);
			mainGroup = 71C3DFDD1CB7117800713D13;
			productRefGroup = 71C3DFE71CB7117800713D13 /* Products */;
			projectDirPath = "";
			projectRoot = "";
			targets = (
				71C3DFE51CB7117800713D13 /* InterpolationWithMPI */,
			);
		};
/* End PBXProject section */

/* Begin PBXSourcesBuildPhase section */
		71C3DFE21CB7117800713D13 /* Sources */ = {
			isa = PBXSourcesBuildPhase;
			buildActionMask = 2147483647;
			files = (
				71565F8A1CBD996C0018C0EC /* point.cpp in Sources */,
				71C3DFEA1CB7117800713D13 /* main.cpp in Sources */,
			);
			runOnlyForDeploymentPostprocessing = 0;
		};
/* End PBXSourcesBuildPhase section */

/* Begin XCBuildConfiguration section */
		71C3DFEB1CB7117800713D13 /* Debug */ = {
			isa = XCBuildConfiguration;
			buildSettings = {
				ALWAYS_SEARCH_USER_PATHS = NO;
				CLANG_ANALYZER_NONNULL = YES;
				CLANG_CXX_LANGUAGE_STANDARD = "gnu++0x";
				CLANG_CXX_LIBRARY = "libc++";
				CLANG_ENABLE_MODULES = YES;
				CLANG_ENABLE_OBJC_ARC = YES;
				CLANG_WARN_BOOL_CONVERSION = YES;
				CLANG_WARN_CONSTANT_CONVERSION = YES;
				CLANG_WARN_DIRECT_OBJC_ISA_USAGE = YES_ERROR;
				CLANG_WARN_EMPTY_BODY = YES;
				CLANG_WARN_ENUM_CONVERSION = YES;
				CLANG_WARN_INT_CONVERSION = YES;
				CLANG_WARN_OBJC_ROOT_CLASS = YES_ERROR;
				CLANG_WARN_UNREACHABLE_CODE = YES;
				CLANG_WARN__DUPLICATE_METHOD_MATCH = YES;
				CODE_SIGN_IDENTITY = "-";
				COPY_PHASE_STRIP = NO;
				DEBUG_INFORMATION_FORMAT = dwarf;
				ENABLE_STRICT_OBJC_MSGSEND = YES;
				ENABLE_TESTABILITY = YES;
				GCC_C_LANGUAGE_STANDARD = gnu99;
				GCC_DYNAMIC_NO_PIC = NO;
				GCC_NO_COMMON_BLOCKS = YES;
				GCC_OPTIMIZATION_LEVEL = 0;
				GCC_PREPROCESSOR_DEFINITIONS = (
					"DEBUG=1",
					"$(inherited)",
				);
				GCC_WARN_64_TO_32_BIT_CONVERSION = YES;
				GCC_WARN_ABOUT_RETURN_TYPE = YES_ERROR;
				GCC_WARN_UNDECLARED_SELECTOR = YES;
				GCC_WARN_UNINITIALIZED_AUTOS = YES_AGGRESSIVE;
				GCC_WARN_UNUSED_FUNCTION = YES;
				GCC_WARN_UNUSED_VARIABLE = YES;
				MACOSX_DEPLOYMENT_TARGET = 10.11;
				MTL_ENABLE_DEBUG_INFO = YES;
				ONLY_ACTIVE_ARCH = YES;
				SDKROOT = macosx;
			};
			name = Debug;
		};
		71C3DFEC1CB7117800713D13 /* Release */ = {
			isa = XCBuildConfiguration;
			buildSettings = {
				ALWAYS_SEARCH_USER_PATHS = NO;
				CLANG_ANALYZER_NONNULL = YES;
				CLANG_CXX_LANGUAGE_STANDARD = "gnu++0x";
				CLANG_CXX_LIBRARY = "libc++";
				CLANG_ENABLE_MODULES = YES;
				CLANG_ENABLE_OBJC_ARC = YES;
				CLANG_WARN_BOOL_CONVERSION = YES;
				CLANG_WARN_CONSTANT_CONVERSION = YES;
				CLANG_WARN_DIRECT_OBJC_ISA_USAGE = YES_ERROR;
				CLANG_WARN_EMPTY_BODY = YES;
				CLANG_WARN_ENUM_CONVERSION = YES;
				CLANG_WARN_INT_CONVERSION = YES;
				CLANG_WARN_OBJC_ROOT_CLASS = YES_ERROR;
				CLANG_WARN_UNREACHABLE_CODE = YES;
				CLANG_WARN__DUPLICATE_METHOD_MATCH = YES;
				CODE_SIGN_IDENTITY = "-";
				COPY_PHASE_STRIP = NO;
				DEBUG_INFORMATION_FORMAT = "dwarf-with-dsym";
				ENABLE_NS_ASSERTIONS = NO;
				ENABLE_STRICT_OBJC_MSGSEND = YES;
				GCC_C_LANGUAGE_STANDARD = gnu99;
				GCC_NO_COMMON_BLOCKS = YES;
				GCC_WARN_64_TO_32_BIT_CONVERSION = YES;
				GCC_WARN_ABOUT_RETURN_TYPE = YES_ERROR;
				GCC_WARN_UNDECLARED_SELECTOR = YES;
				GCC_WARN_UNINITIALIZED_AUTOS = YES_AGGRESSIVE;
				GCC_WARN_UNUSED_FUNCTION = YES;
				GCC_WARN_UNUSED_VARIABLE = YES;
				MACOSX_DEPLOYMENT_TARGET = 10.11;
				MTL_ENABLE_DEBUG_INFO = NO;
				SDKROOT = macosx;
			};
			name = Release;
		};
		71C3DFEE1CB7117800713D13 /* Debug */ = {
			isa = XCBuildConfiguration;
			buildSettings = {
				"LIBRARY_SEARCH_PATHS[arch=*]" = /usr/local/lib;
				PRODUCT_NAME = "$(TARGET_NAME)";
				"USER_HEADER_SEARCH_PATHS[arch=*]" = /usr/local/include;
			};
			name = Debug;
		};
		71C3DFEF1CB7117800713D13 /* Release */ = {
			isa = XCBuildConfiguration;
			buildSettings = {
				"LIBRARY_SEARCH_PATHS[arch=*]" = /usr/local/lib;
				PRODUCT_NAME = "$(TARGET_NAME)";
				"USER_HEADER_SEARCH_PATHS[arch=*]" = /usr/local/include;
			};
			name = Release;
		};
/* End XCBuildConfiguration section */

/* Begin XCConfigurationList section */
		71C3DFE11CB7117800713D13 /* Build configuration list for PBXProject "InterpolationWithMPI" */ = {
			isa = XCConfigurationList;
			buildConfigurations = (
				71C3DFEB1CB7117800713D13 /* Debug */,
				71C3DFEC1CB7117800713D13 /* Release */,
			);
			defaultConfigurationIsVisible = 0;
			defaultConfigurationName = Release;
		};
		71C3DFED1CB7117800713D13 /* Build configuration list for PBXNativeTarget "InterpolationWithMPI" */ = {
			isa = XCConfigurationList;
			buildConfigurations = (
				71C3DFEE1CB7117800713D13 /* Debug */,
				71C3DFEF1CB7117800713D13 /* Release */,
			);
			defaultConfigurationIsVisible = 0;
			defaultConfigurationName = Release;
		};
/* End XCConfigurationList section */
	};
	rootObject = 71C3DFDE1CB7117800713D13 /* Project object */;
}
